
Microsoft Visual Studio Solution File, Format Version 12.00
# Visual Studio Version 17
VisualStudioVersion = 17.14.36327.8 d17.14
MinimumVisualStudioVersion = 10.0.40219.1
Project("{FAE04EC0-301F-11D3-BF4B-00C04F79EFBC}") = "EstrururasRepetidas", "EstrururasRepetidas\EstrururasRepetidas.csproj", "{547B7542-5FD6-48B0-B465-208832474189}"
EndProject
Global
	GlobalSection(SolutionConfigurationPlatforms) = preSolution
		Debug|Any CPU = Debug|Any CPU
		Release|Any CPU = Release|Any CPU
	EndGlobalSection
	GlobalSection(ProjectConfigurationPlatforms) = postSolution
		{547B7542-5FD6-48B0-B465-208832474189}.Debug|Any CPU.ActiveCfg = Debug|Any CPU
		{547B7542-5FD6-48B0-B465-208832474189}.Debug|Any CPU.Build.0 = Debug|Any CPU
		{547B7542-5FD6-48B0-B465-208832474189}.Release|Any CPU.ActiveCfg = Release|Any CPU
		{547B7542-5FD6-48B0-B465-208832474189}.Release|Any CPU.Build.0 = Release|Any CPU
	EndGlobalSection
	GlobalSection(SolutionProperties) = preSolution
		HideSolutionNode = FALSE
	EndGlobalSection
	GlobalSection(ExtensibilityGlobals) = postSolution
		SolutionGuid = {629E1687-BFAF-40C6-8757-A5EE314D73C4}
	EndGlobalSection
EndGlobal
